# This file was autogenerated by Stack.
# You should not edit this file by hand.
# For more information, please see the documentation at:
#   https://docs.haskellstack.org/en/stable/lock_files

packages:
- completed:
    hackage: fixed-list-0.1.6@sha256:0f42848c75f9d5cfaa1418d6e492c611d351e735828edc137eb09129403c9804,932
    pantry-tree:
      sha256: c0ab8baef5980e7e4f25963536d8052e6ae7f6c1f2c60a68584f982a4c90fff6
      size: 215
  original:
    hackage: fixed-list-0.1.6@sha256:0f42848c75f9d5cfaa1418d6e492c611d351e735828edc137eb09129403c9804,932
snapshots:
- completed:
    sha256: abcc4a65c15c7c2313f1a87f01bfd4d910516e1930b99653eef1d2d006515916
    size: 640074
    url: https://raw.githubusercontent.com/commercialhaskell/stackage-snapshots/master/lts/21/24.yaml
  original:
    url: https://raw.githubusercontent.com/commercialhaskell/stackage-snapshots/master/lts/21/24.yaml
